
Microsoft Visual Studio Solution File, Format Version 12.00
# Visual Studio Version 17
VisualStudioVersion = 17.11.35111.106
MinimumVisualStudioVersion = 10.0.40219.1
Project("{FAE04EC0-301F-11D3-BF4B-00C04F79EFBC}") = "PVZRHTools", "PVZRHTools\PVZRHTools.csproj", "{9EBBB8EB-2C69-4E20-841C-DE13F01E19FC}"
EndProject
Project("{FAE04EC0-301F-11D3-BF4B-00C04F79EFBC}") = "ToolMod", "ToolMod\ToolMod.csproj", "{7A4B0D93-AB91-40D2-AEB5-3D861F8528DC}"
EndProject
Project("{FAE04EC0-301F-11D3-BF4B-00C04F79EFBC}") = "ToolModData", "ToolModData\ToolModData.csproj", "{BAF63FD9-65ED-466C-ACCD-91DB2BB89F91}"
EndProject
Project("{2150E333-8FDC-42A3-9474-1A3956D46DE8}") = "解决方案项", "解决方案项", "{9FA3D6BD-1EC1-3BA5-80CB-CE02773A58D5}"
	ProjectSection(SolutionItems) = preProject
		LICENSE = LICENSE
		NOTICE.txt = NOTICE.txt
		README.md = README.md
		修改器更新日志.txt = 修改器更新日志.txt
	EndProjectSection
EndProject
Project("{FAE04EC0-301F-11D3-BF4B-00C04F79EFBC}") = "ToolPlugin", "ToolPlugin\ToolPlugin.csproj", "{6F98B77A-819A-4ACB-8245-A5DD1913A9B9}"
EndProject
Project("{FAE04EC0-301F-11D3-BF4B-00C04F79EFBC}") = "PVZRHToolsInstaller", "PVZRHToolsInstaller\PVZRHToolsInstaller.csproj", "{59B3BAA3-1DD8-4825-B7B5-0B613BFD350E}"
EndProject
Project("{2150E333-8FDC-42A3-9474-1A3956D46DE8}") = "Solution Items", "Solution Items", "{02EA681E-C7D8-13C7-8484-4AC65E1B71E8}"
	ProjectSection(SolutionItems) = preProject
		.editorconfig = .editorconfig
	EndProjectSection
EndProject
Global
	GlobalSection(SolutionConfigurationPlatforms) = preSolution
		Debug|Any CPU = Debug|Any CPU
		Release|Any CPU = Release|Any CPU
	EndGlobalSection
	GlobalSection(ProjectConfigurationPlatforms) = postSolution
		{9EBBB8EB-2C69-4E20-841C-DE13F01E19FC}.Debug|Any CPU.ActiveCfg = Debug|Any CPU
		{9EBBB8EB-2C69-4E20-841C-DE13F01E19FC}.Debug|Any CPU.Build.0 = Debug|Any CPU
		{9EBBB8EB-2C69-4E20-841C-DE13F01E19FC}.Release|Any CPU.ActiveCfg = Release|Any CPU
		{9EBBB8EB-2C69-4E20-841C-DE13F01E19FC}.Release|Any CPU.Build.0 = Release|Any CPU
		{7A4B0D93-AB91-40D2-AEB5-3D861F8528DC}.Debug|Any CPU.ActiveCfg = Debug|Any CPU
		{7A4B0D93-AB91-40D2-AEB5-3D861F8528DC}.Debug|Any CPU.Build.0 = Debug|Any CPU
		{7A4B0D93-AB91-40D2-AEB5-3D861F8528DC}.Release|Any CPU.ActiveCfg = Release|Any CPU
		{7A4B0D93-AB91-40D2-AEB5-3D861F8528DC}.Release|Any CPU.Build.0 = Release|Any CPU
		{BAF63FD9-65ED-466C-ACCD-91DB2BB89F91}.Debug|Any CPU.ActiveCfg = Debug|Any CPU
		{BAF63FD9-65ED-466C-ACCD-91DB2BB89F91}.Debug|Any CPU.Build.0 = Debug|Any CPU
		{BAF63FD9-65ED-466C-ACCD-91DB2BB89F91}.Release|Any CPU.ActiveCfg = Release|Any CPU
		{BAF63FD9-65ED-466C-ACCD-91DB2BB89F91}.Release|Any CPU.Build.0 = Release|Any CPU
		{6F98B77A-819A-4ACB-8245-A5DD1913A9B9}.Debug|Any CPU.ActiveCfg = Debug|Any CPU
		{6F98B77A-819A-4ACB-8245-A5DD1913A9B9}.Debug|Any CPU.Build.0 = Debug|Any CPU
		{6F98B77A-819A-4ACB-8245-A5DD1913A9B9}.Release|Any CPU.ActiveCfg = Release|Any CPU
		{6F98B77A-819A-4ACB-8245-A5DD1913A9B9}.Release|Any CPU.Build.0 = Release|Any CPU
		{59B3BAA3-1DD8-4825-B7B5-0B613BFD350E}.Debug|Any CPU.ActiveCfg = Debug|Any CPU
		{59B3BAA3-1DD8-4825-B7B5-0B613BFD350E}.Debug|Any CPU.Build.0 = Debug|Any CPU
		{59B3BAA3-1DD8-4825-B7B5-0B613BFD350E}.Release|Any CPU.ActiveCfg = Release|Any CPU
		{59B3BAA3-1DD8-4825-B7B5-0B613BFD350E}.Release|Any CPU.Build.0 = Release|Any CPU
	EndGlobalSection
	GlobalSection(SolutionProperties) = preSolution
		HideSolutionNode = FALSE
	EndGlobalSection
	GlobalSection(ExtensibilityGlobals) = postSolution
		RESX_NeutralResourcesLanguage = zh-CN
		SolutionGuid = {8779E405-4CD5-4DF0-AADE-49B2CB00A4A0}
	EndGlobalSection
EndGlobal
